
Microsoft Visual Studio Solution File, Format Version 12.00
# Visual Studio 15
Project("{FAE04EC0-301F-11D3-BF4B-00C04F79EFBC}") = "VuforiaScripts", "VuforiaScripts.csproj", "{5E54DC72-EB90-B5B9-80E1-F98976C3A211}"
EndProject
Project("{FAE04EC0-301F-11D3-BF4B-00C04F79EFBC}") = "Assembly-CSharp", "Assembly-CSharp.csproj", "{969273ED-2D08-05B1-B124-C6D6FB087A92}"
EndProject
Project("{FAE04EC0-301F-11D3-BF4B-00C04F79EFBC}") = "VuforiaEditorScripts", "VuforiaEditorScripts.csproj", "{F355694A-C43D-F27B-0A25-0DF971C06CC6}"
EndProject
Global
	GlobalSection(SolutionConfigurationPlatforms) = preSolution
		Debug|Any CPU = Debug|Any CPU
		Release|Any CPU = Release|Any CPU
	EndGlobalSection
	GlobalSection(ProjectConfigurationPlatforms) = postSolution
		{5E54DC72-EB90-B5B9-80E1-F98976C3A211}.Debug|Any CPU.ActiveCfg = Debug|Any CPU
		{5E54DC72-EB90-B5B9-80E1-F98976C3A211}.Debug|Any CPU.Build.0 = Debug|Any CPU
		{5E54DC72-EB90-B5B9-80E1-F98976C3A211}.Release|Any CPU.ActiveCfg = Release|Any CPU
		{5E54DC72-EB90-B5B9-80E1-F98976C3A211}.Release|Any CPU.Build.0 = Release|Any CPU
		{969273ED-2D08-05B1-B124-C6D6FB087A92}.Debug|Any CPU.ActiveCfg = Debug|Any CPU
		{969273ED-2D08-05B1-B124-C6D6FB087A92}.Debug|Any CPU.Build.0 = Debug|Any CPU
		{969273ED-2D08-05B1-B124-C6D6FB087A92}.Release|Any CPU.ActiveCfg = Release|Any CPU
		{969273ED-2D08-05B1-B124-C6D6FB087A92}.Release|Any CPU.Build.0 = Release|Any CPU
		{F355694A-C43D-F27B-0A25-0DF971C06CC6}.Debug|Any CPU.ActiveCfg = Debug|Any CPU
		{F355694A-C43D-F27B-0A25-0DF971C06CC6}.Debug|Any CPU.Build.0 = Debug|Any CPU
		{F355694A-C43D-F27B-0A25-0DF971C06CC6}.Release|Any CPU.ActiveCfg = Release|Any CPU
		{F355694A-C43D-F27B-0A25-0DF971C06CC6}.Release|Any CPU.Build.0 = Release|Any CPU
	EndGlobalSection
	GlobalSection(SolutionProperties) = preSolution
		HideSolutionNode = FALSE
	EndGlobalSection
EndGlobal
